// !$*UTF8*$!
{
	archiveVersion = 1;
	classes = {
	};
	objectVersion = 46;
	objects = {

/* Begin PBXBuildFile section */
		D0D731B71803AF3500C23635 /* Foundation.framework in Frameworks */ = {isa = PBXBuildFile; fileRef = D0D731B61803AF3500C23635 /* Foundation.framework */; };
		D0D731B91803AF3500C23635 /* CoreGraphics.framework in Frameworks */ = {isa = PBXBuildFile; fileRef = D0D731B81803AF3500C23635 /* CoreGraphics.framework */; };
		D0D731BB1803AF3500C23635 /* UIKit.framework in Frameworks */ = {isa = PBXBuildFile; fileRef = D0D731BA1803AF3500C23635 /* UIKit.framework */; };
		D0D731C11803AF3500C23635 /* InfoPlist.strings in Resources */ = {isa = PBXBuildFile; fileRef = D0D731BF1803AF3500C23635 /* InfoPlist.strings */; };
		D0D731C31803AF3500C23635 /* main.m in Sources */ = {isa = PBXBuildFile; fileRef = D0D731C21803AF3500C23635 /* main.m */; };
		D0D731C71803AF3500C23635 /* AppDelegate.m in Sources */ = {isa = PBXBuildFile; fileRef = D0D731C61803AF3500C23635 /* AppDelegate.m */; };
		D0D731CA1803AF3500C23635 /* Main_iPhone.storyboard in Resources */ = {isa = PBXBuildFile; fileRef = D0D731C81803AF3500C23635 /* Main_iPhone.storyboard */; };
		D0D731CD1803AF3500C23635 /* Main_iPad.storyboard in Resources */ = {isa = PBXBuildFile; fileRef = D0D731CB1803AF3500C23635 /* Main_iPad.storyboard */; };
		D0D731D21803AF3500C23635 /* Images.xcassets in Resources */ = {isa = PBXBuildFile; fileRef = D0D731D11803AF3500C23635 /* Images.xcassets */; };
		D0D731D91803AF3500C23635 /* XCTest.framework in Frameworks */ = {isa = PBXBuildFile; fileRef = D0D731D81803AF3500C23635 /* XCTest.framework */; };
		D0D731DA1803AF3500C23635 /* Foundation.framework in Frameworks */ = {isa = PBXBuildFile; fileRef = D0D731B61803AF3500C23635 /* Foundation.framework */; };
		D0D731DB1803AF3500C23635 /* UIKit.framework in Frameworks */ = {isa = PBXBuildFile; fileRef = D0D731BA1803AF3500C23635 /* UIKit.framework */; };
		D0D731E31803AF3500C23635 /* InfoPlist.strings in Resources */ = {isa = PBXBuildFile; fileRef = D0D731E11803AF3500C23635 /* InfoPlist.strings */; };
		D0D731E51803AF3500C23635 /* AFDemo2Tests.m in Sources */ = {isa = PBXBuildFile; fileRef = D0D731E41803AF3500C23635 /* AFDemo2Tests.m */; };
		D0D731F41803AFAF00C23635 /* DetailController.m in Sources */ = {isa = PBXBuildFile; fileRef = D0D731EF1803AFAF00C23635 /* DetailController.m */; };
		D0D731F51803AFAF00C23635 /* MainController.m in Sources */ = {isa = PBXBuildFile; fileRef = D0D731F11803AFAF00C23635 /* MainController.m */; };
		D0D731F61803AFAF00C23635 /* UploadController.m in Sources */ = {isa = PBXBuildFile; fileRef = D0D731F31803AFAF00C23635 /* UploadController.m */; };
/* End PBXBuildFile section */

/* Begin PBXContainerItemProxy section */
		D0D731DC1803AF3500C23635 /* PBXContainerItemProxy */ = {
			isa = PBXContainerItemProxy;
			containerPortal = D0D731AB1803AF3500C23635 /* Project object */;
			proxyType = 1;
			remoteGlobalIDString = D0D731B21803AF3500C23635;
			remoteInfo = AFDemo2;
		};
/* End PBXContainerItemProxy section */

/* Begin PBXFileReference section */
		D0D731B31803AF3500C23635 /* AFDemo2.app */ = {isa = PBXFileReference; explicitFileType = wrapper.application; includeInIndex = 0; path = AFDemo2.app; sourceTree = BUILT_PRODUCTS_DIR; };
		D0D731B61803AF3500C23635 /* Foundation.framework */ = {isa = PBXFileReference; lastKnownFileType = wrapper.framework; name = Foundation.framework; path = System/Library/Frameworks/Foundation.framework; sourceTree = SDKROOT; };
		D0D731B81803AF3500C23635 /* CoreGraphics.framework */ = {isa = PBXFileReference; lastKnownFileType = wrapper.framework; name = CoreGraphics.framework; path = System/Library/Frameworks/CoreGraphics.framework; sourceTree = SDKROOT; };
		D0D731BA1803AF3500C23635 /* UIKit.framework */ = {isa = PBXFileReference; lastKnownFileType = wrapper.framework; name = UIKit.framework; path = System/Library/Frameworks/UIKit.framework; sourceTree = SDKROOT; };
		D0D731BE1803AF3500C23635 /* AFDemo2-Info.plist */ = {isa = PBXFileReference; lastKnownFileType = text.plist.xml; path = "AFDemo2-Info.plist"; sourceTree = "<group>"; };
		D0D731C01803AF3500C23635 /* en */ = {isa = PBXFileReference; lastKnownFileType = text.plist.strings; name = en; path = en.lproj/InfoPlist.strings; sourceTree = "<group>"; };
		D0D731C21803AF3500C23635 /* main.m */ = {isa = PBXFileReference; lastKnownFileType = sourcecode.c.objc; path = main.m; sourceTree = "<group>"; };
		D0D731C41803AF3500C23635 /* AFDemo2-Prefix.pch */ = {isa = PBXFileReference; lastKnownFileType = sourcecode.c.h; path = "AFDemo2-Prefix.pch"; sourceTree = "<group>"; };
		D0D731C51803AF3500C23635 /* AppDelegate.h */ = {isa = PBXFileReference; lastKnownFileType = sourcecode.c.h; path = AppDelegate.h; sourceTree = "<group>"; };
		D0D731C61803AF3500C23635 /* AppDelegate.m */ = {isa = PBXFileReference; lastKnownFileType = sourcecode.c.objc; path = AppDelegate.m; sourceTree = "<group>"; };
		D0D731C91803AF3500C23635 /* Base */ = {isa = PBXFileReference; lastKnownFileType = file.storyboard; name = Base; path = Base.lproj/Main_iPhone.storyboard; sourceTree = "<group>"; };
		D0D731CC1803AF3500C23635 /* Base */ = {isa = PBXFileReference; lastKnownFileType = file.storyboard; name = Base; path = Base.lproj/Main_iPad.storyboard; sourceTree = "<group>"; };
		D0D731D11803AF3500C23635 /* Images.xcassets */ = {isa = PBXFileReference; lastKnownFileType = folder.assetcatalog; path = Images.xcassets; sourceTree = "<group>"; };
		D0D731D71803AF3500C23635 /* AFDemo2Tests.xctest */ = {isa = PBXFileReference; explicitFileType = wrapper.cfbundle; includeInIndex = 0; path = AFDemo2Tests.xctest; sourceTree = BUILT_PRODUCTS_DIR; };
		D0D731D81803AF3500C23635 /* XCTest.framework */ = {isa = PBXFileReference; lastKnownFileType = wrapper.framework; name = XCTest.framework; path = Library/Frameworks/XCTest.framework; sourceTree = DEVELOPER_DIR; };
		D0D731E01803AF3500C23635 /* AFDemo2Tests-Info.plist */ = {isa = PBXFileReference; lastKnownFileType = text.plist.xml; path = "AFDemo2Tests-Info.plist"; sourceTree = "<group>"; };
		D0D731E21803AF3500C23635 /* en */ = {isa = PBXFileReference; lastKnownFileType = text.plist.strings; name = en; path = en.lproj/InfoPlist.strings; sourceTree = "<group>"; };
		D0D731E41803AF3500C23635 /* AFDemo2Tests.m */ = {isa = PBXFileReference; lastKnownFileType = sourcecode.c.objc; path = AFDemo2Tests.m; sourceTree = "<group>"; };
		D0D731EE1803AFAF00C23635 /* DetailController.h */ = {isa = PBXFileReference; fileEncoding = 4; lastKnownFileType = sourcecode.c.h; path = DetailController.h; sourceTree = "<group>"; };
		D0D731EF1803AFAF00C23635 /* DetailController.m */ = {isa = PBXFileReference; fileEncoding = 4; lastKnownFileType = sourcecode.c.objc; path = DetailController.m; sourceTree = "<group>"; };
		D0D731F01803AFAF00C23635 /* MainController.h */ = {isa = PBXFileReference; fileEncoding = 4; lastKnownFileType = sourcecode.c.h; path = MainController.h; sourceTree = "<group>"; };
		D0D731F11803AFAF00C23635 /* MainController.m */ = {isa = PBXFileReference; fileEncoding = 4; lastKnownFileType = sourcecode.c.objc; path = MainController.m; sourceTree = "<group>"; };
		D0D731F21803AFAF00C23635 /* UploadController.h */ = {isa = PBXFileReference; fileEncoding = 4; lastKnownFileType = sourcecode.c.h; path = UploadController.h; sourceTree = "<group>"; };
		D0D731F31803AFAF00C23635 /* UploadController.m */ = {isa = PBXFileReference; fileEncoding = 4; lastKnownFileType = sourcecode.c.objc; path = UploadController.m; sourceTree = "<group>"; };
/* End PBXFileReference section */

/* Begin PBXFrameworksBuildPhase section */
		D0D731B01803AF3500C23635 /* Frameworks */ = {
			isa = PBXFrameworksBuildPhase;
			buildActionMask = 2147483647;
			files = (
				D0D731B91803AF3500C23635 /* CoreGraphics.framework in Frameworks */,
				D0D731BB1803AF3500C23635 /* UIKit.framework in Frameworks */,
				D0D731B71803AF3500C23635 /* Foundation.framework in Frameworks */,
			);
			runOnlyForDeploymentPostprocessing = 0;
		};
		D0D731D41803AF3500C23635 /* Frameworks */ = {
			isa = PBXFrameworksBuildPhase;
			buildActionMask = 2147483647;
			files = (
				D0D731D91803AF3500C23635 /* XCTest.framework in Frameworks */,
				D0D731DB1803AF3500C23635 /* UIKit.framework in Frameworks */,
				D0D731DA1803AF3500C23635 /* Foundation.framework in Frameworks */,
			);
			runOnlyForDeploymentPostprocessing = 0;
		};
/* End PBXFrameworksBuildPhase section */

/* Begin PBXGroup section */
		D0D731AA1803AF3500C23635 = {
			isa = PBXGroup;
			children = (
				D0D731BC1803AF3500C23635 /* AFDemo2 */,
				D0D731DE1803AF3500C23635 /* AFDemo2Tests */,
				D0D731B51803AF3500C23635 /* Frameworks */,
				D0D731B41803AF3500C23635 /* Products */,
			);
			sourceTree = "<group>";
		};
		D0D731B41803AF3500C23635 /* Products */ = {
			isa = PBXGroup;
			children = (
				D0D731B31803AF3500C23635 /* AFDemo2.app */,
				D0D731D71803AF3500C23635 /* AFDemo2Tests.xctest */,
			);
			name = Products;
			sourceTree = "<group>";
		};
		D0D731B51803AF3500C23635 /* Frameworks */ = {
			isa = PBXGroup;
			children = (
				D0D731B61803AF3500C23635 /* Foundation.framework */,
				D0D731B81803AF3500C23635 /* CoreGraphics.framework */,
				D0D731BA1803AF3500C23635 /* UIKit.framework */,
				D0D731D81803AF3500C23635 /* XCTest.framework */,
			);
			name = Frameworks;
			sourceTree = "<group>";
		};
		D0D731BC1803AF3500C23635 /* AFDemo2 */ = {
			isa = PBXGroup;
			children = (
				D0D731C51803AF3500C23635 /* AppDelegate.h */,
				D0D731C61803AF3500C23635 /* AppDelegate.m */,
				D0D731C81803AF3500C23635 /* Main_iPhone.storyboard */,
				D0D731CB1803AF3500C23635 /* Main_iPad.storyboard */,
				D0D731F01803AFAF00C23635 /* MainController.h */,
				D0D731F11803AFAF00C23635 /* MainController.m */,
				D0D731EE1803AFAF00C23635 /* DetailController.h */,
				D0D731EF1803AFAF00C23635 /* DetailController.m */,
				D0D731F21803AFAF00C23635 /* UploadController.h */,
				D0D731F31803AFAF00C23635 /* UploadController.m */,
				D0D731D11803AF3500C23635 /* Images.xcassets */,
				D0D731BD1803AF3500C23635 /* Supporting Files */,
			);
			path = AFDemo2;
			sourceTree = "<group>";
		};
		D0D731BD1803AF3500C23635 /* Supporting Files */ = {
			isa = PBXGroup;
			children = (
				D0D731BE1803AF3500C23635 /* AFDemo2-Info.plist */,
				D0D731BF1803AF3500C23635 /* InfoPlist.strings */,
				D0D731C21803AF3500C23635 /* main.m */,
				D0D731C41803AF3500C23635 /* AFDemo2-Prefix.pch */,
			);
			name = "Supporting Files";
			sourceTree = "<group>";
		};
		D0D731DE1803AF3500C23635 /* AFDemo2Tests */ = {
			isa = PBXGroup;
			children = (
				D0D731E41803AF3500C23635 /* AFDemo2Tests.m */,
				D0D731DF1803AF3500C23635 /* Supporting Files */,
			);
			path = AFDemo2Tests;
			sourceTree = "<group>";
		};
		D0D731DF1803AF3500C23635 /* Supporting Files */ = {
			isa = PBXGroup;
			children = (
				D0D731E01803AF3500C23635 /* AFDemo2Tests-Info.plist */,
				D0D731E11803AF3500C23635 /* InfoPlist.strings */,
			);
			name = "Supporting Files";
			sourceTree = "<group>";
		};
/* End PBXGroup section */

/* Begin PBXNativeTarget section */
		D0D731B21803AF3500C23635 /* AFDemo2 */ = {
			isa = PBXNativeTarget;
			buildConfigurationList = D0D731E81803AF3500C23635 /* Build configuration list for PBXNativeTarget "AFDemo2" */;
			buildPhases = (
				D0D731AF1803AF3500C23635 /* Sources */,
				D0D731B01803AF3500C23635 /* Frameworks */,
				D0D731B11803AF3500C23635 /* Resources */,
			);
			buildRules = (
			);
			dependencies = (
			);
			name = AFDemo2;
			productName = AFDemo2;
			productReference = D0D731B31803AF3500C23635 /* AFDemo2.app */;
			productType = "com.apple.product-type.application";
		};
		D0D731D61803AF3500C23635 /* AFDemo2Tests */ = {
			isa = PBXNativeTarget;
			buildConfigurationList = D0D731EB1803AF3500C23635 /* Build configuration list for PBXNativeTarget "AFDemo2Tests" */;
			buildPhases = (
				D0D731D31803AF3500C23635 /* Sources */,
				D0D731D41803AF3500C23635 /* Frameworks */,
				D0D731D51803AF3500C23635 /* Resources */,
			);
			buildRules = (
			);
			dependencies = (
				D0D731DD1803AF3500C23635 /* PBXTargetDependency */,
			);
			name = AFDemo2Tests;
			productName = AFDemo2Tests;
			productReference = D0D731D71803AF3500C23635 /* AFDemo2Tests.xctest */;
			productType = "com.apple.product-type.bundle.unit-test";
		};
/* End PBXNativeTarget section */

/* Begin PBXProject section */
		D0D731AB1803AF3500C23635 /* Project object */ = {
			isa = PBXProject;
			attributes = {
				LastUpgradeCheck = 0500;
				ORGANIZATIONNAME = Saturnboy;
				TargetAttributes = {
					D0D731D61803AF3500C23635 = {
						TestTargetID = D0D731B21803AF3500C23635;
					};
				};
			};
			buildConfigurationList = D0D731AE1803AF3500C23635 /* Build configuration list for PBXProject "AFDemo2" */;
			compatibilityVersion = "Xcode 3.2";
			developmentRegion = English;
			hasScannedForEncodings = 0;
			knownRegions = (
				en,
				Base,
			);
			mainGroup = D0D731AA1803AF3500C23635;
			productRefGroup = D0D731B41803AF3500C23635 /* Products */;
			projectDirPath = "";
			projectRoot = "";
			targets = (
				D0D731B21803AF3500C23635 /* AFDemo2 */,
				D0D731D61803AF3500C23635 /* AFDemo2Tests */,
			);
		};
/* End PBXProject section */

/* Begin PBXResourcesBuildPhase section */
		D0D731B11803AF3500C23635 /* Resources */ = {
			isa = PBXResourcesBuildPhase;
			buildActionMask = 2147483647;
			files = (
				D0D731CD1803AF3500C23635 /* Main_iPad.storyboard in Resources */,
				D0D731D21803AF3500C23635 /* Images.xcassets in Resources */,
				D0D731CA1803AF3500C23635 /* Main_iPhone.storyboard in Resources */,
				D0D731C11803AF3500C23635 /* InfoPlist.strings in Resources */,
			);
			runOnlyForDeploymentPostprocessing = 0;
		};
		D0D731D51803AF3500C23635 /* Resources */ = {
			isa = PBXResourcesBuildPhase;
			buildActionMask = 2147483647;
			files = (
				D0D731E31803AF3500C23635 /* InfoPlist.strings in Resources */,
			);
			runOnlyForDeploymentPostprocessing = 0;
		};
/* End PBXResourcesBuildPhase section */

/* Begin PBXSourcesBuildPhase section */
		D0D731AF1803AF3500C23635 /* Sources */ = {
			isa = PBXSourcesBuildPhase;
			buildActionMask = 2147483647;
			files = (
				D0D731F61803AFAF00C23635 /* UploadController.m in Sources */,
				D0D731F41803AFAF00C23635 /* DetailController.m in Sources */,
				D0D731C71803AF3500C23635 /* AppDelegate.m in Sources */,
				D0D731F51803AFAF00C23635 /* MainController.m in Sources */,
				D0D731C31803AF3500C23635 /* main.m in Sources */,
			);
			runOnlyForDeploymentPostprocessing = 0;
		};
		D0D731D31803AF3500C23635 /* Sources */ = {
			isa = PBXSourcesBuildPhase;
			buildActionMask = 2147483647;
			files = (
				D0D731E51803AF3500C23635 /* AFDemo2Tests.m in Sources */,
			);
			runOnlyForDeploymentPostprocessing = 0;
		};
/* End PBXSourcesBuildPhase section */

/* Begin PBXTargetDependency section */
		D0D731DD1803AF3500C23635 /* PBXTargetDependency */ = {
			isa = PBXTargetDependency;
			target = D0D731B21803AF3500C23635 /* AFDemo2 */;
			targetProxy = D0D731DC1803AF3500C23635 /* PBXContainerItemProxy */;
		};
/* End PBXTargetDependency section */

/* Begin PBXVariantGroup section */
		D0D731BF1803AF3500C23635 /* InfoPlist.strings */ = {
			isa = PBXVariantGroup;
			children = (
				D0D731C01803AF3500C23635 /* en */,
			);
			name = InfoPlist.strings;
			sourceTree = "<group>";
		};
		D0D731C81803AF3500C23635 /* Main_iPhone.storyboard */ = {
			isa = PBXVariantGroup;
			children = (
				D0D731C91803AF3500C23635 /* Base */,
			);
			name = Main_iPhone.storyboard;
			sourceTree = "<group>";
		};
		D0D731CB1803AF3500C23635 /* Main_iPad.storyboard */ = {
			isa = PBXVariantGroup;
			children = (
				D0D731CC1803AF3500C23635 /* Base */,
			);
			name = Main_iPad.storyboard;
			sourceTree = "<group>";
		};
		D0D731E11803AF3500C23635 /* InfoPlist.strings */ = {
			isa = PBXVariantGroup;
			children = (
				D0D731E21803AF3500C23635 /* en */,
			);
			name = InfoPlist.strings;
			sourceTree = "<group>";
		};
/* End PBXVariantGroup section */

/* Begin XCBuildConfiguration section */
		D0D731E61803AF3500C23635 /* Debug */ = {
			isa = XCBuildConfiguration;
			buildSettings = {
				ALWAYS_SEARCH_USER_PATHS = NO;
				ARCHS = "$(ARCHS_STANDARD_INCLUDING_64_BIT)";
				CLANG_CXX_LANGUAGE_STANDARD = "gnu++0x";
				CLANG_CXX_LIBRARY = "libc++";
				CLANG_ENABLE_MODULES = YES;
				CLANG_ENABLE_OBJC_ARC = YES;
				CLANG_WARN_BOOL_CONVERSION = YES;
				CLANG_WARN_CONSTANT_CONVERSION = YES;
				CLANG_WARN_DIRECT_OBJC_ISA_USAGE = YES_ERROR;
				CLANG_WARN_EMPTY_BODY = YES;
				CLANG_WARN_ENUM_CONVERSION = YES;
				CLANG_WARN_INT_CONVERSION = YES;
				CLANG_WARN_OBJC_ROOT_CLASS = YES_ERROR;
				CLANG_WARN__DUPLICATE_METHOD_MATCH = YES;
				"CODE_SIGN_IDENTITY[sdk=iphoneos*]" = "iPhone Developer";
				COPY_PHASE_STRIP = NO;
				GCC_C_LANGUAGE_STANDARD = gnu99;
				GCC_DYNAMIC_NO_PIC = NO;
				GCC_OPTIMIZATION_LEVEL = 0;
				GCC_PREPROCESSOR_DEFINITIONS = (
					"DEBUG=1",
					"$(inherited)",
				);
				GCC_SYMBOLS_PRIVATE_EXTERN = NO;
				GCC_WARN_64_TO_32_BIT_CONVERSION = YES;
				GCC_WARN_ABOUT_RETURN_TYPE = YES_ERROR;
				GCC_WARN_UNDECLARED_SELECTOR = YES;
				GCC_WARN_UNINITIALIZED_AUTOS = YES;
				GCC_WARN_UNUSED_FUNCTION = YES;
				GCC_WARN_UNUSED_VARIABLE = YES;
				IPHONEOS_DEPLOYMENT_TARGET = 7.0;
				ONLY_ACTIVE_ARCH = YES;
				SDKROOT = iphoneos;
				TARGETED_DEVICE_FAMILY = "1,2";
			};
			name = Debug;
		};
		D0D731E71803AF3500C23635 /* Release */ = {
			isa = XCBuildConfiguration;
			buildSettings = {
				ALWAYS_SEARCH_USER_PATHS = NO;
				ARCHS = "$(ARCHS_STANDARD_INCLUDING_64_BIT)";
				CLANG_CXX_LANGUAGE_STANDARD = "gnu++0x";
				CLANG_CXX_LIBRARY = "libc++";
				CLANG_ENABLE_MODULES = YES;
				CLANG_ENABLE_OBJC_ARC = YES;
				CLANG_WARN_BOOL_CONVERSION = YES;
				CLANG_WARN_CONSTANT_CONVERSION = YES;
				CLANG_WARN_DIRECT_OBJC_ISA_USAGE = YES_ERROR;
				CLANG_WARN_EMPTY_BODY = YES;
				CLANG_WARN_ENUM_CONVERSION = YES;
				CLANG_WARN_INT_CONVERSION = YES;
				CLANG_WARN_OBJC_ROOT_CLASS = YES_ERROR;
				CLANG_WARN__DUPLICATE_METHOD_MATCH = YES;
				"CODE_SIGN_IDENTITY[sdk=iphoneos*]" = "iPhone Developer";
				COPY_PHASE_STRIP = YES;
				ENABLE_NS_ASSERTIONS = NO;
				GCC_C_LANGUAGE_STANDARD = gnu99;
				GCC_WARN_64_TO_32_BIT_CONVERSION = YES;
				GCC_WARN_ABOUT_RETURN_TYPE = YES_ERROR;
				GCC_WARN_UNDECLARED_SELECTOR = YES;
				GCC_WARN_UNINITIALIZED_AUTOS = YES;
				GCC_WARN_UNUSED_FUNCTION = YES;
				GCC_WARN_UNUSED_VARIABLE = YES;
				IPHONEOS_DEPLOYMENT_TARGET = 7.0;
				SDKROOT = iphoneos;
				TARGETED_DEVICE_FAMILY = "1,2";
				VALIDATE_PRODUCT = YES;
			};
			name = Release;
		};
		D0D731E91803AF3500C23635 /* Debug */ = {
			isa = XCBuildConfiguration;
			buildSettings = {
				ASSETCATALOG_COMPILER_APPICON_NAME = AppIcon;
				ASSETCATALOG_COMPILER_LAUNCHIMAGE_NAME = LaunchImage;
				GCC_PRECOMPILE_PREFIX_HEADER = YES;
				GCC_PREFIX_HEADER = "AFDemo2/AFDemo2-Prefix.pch";
				INFOPLIST_FILE = "AFDemo2/AFDemo2-Info.plist";
				PRODUCT_NAME = "$(TARGET_NAME)";
				WRAPPER_EXTENSION = app;
			};
			name = Debug;
		};
		D0D731EA1803AF3500C23635 /* Release */ = {
			isa = XCBuildConfiguration;
			buildSettings = {
				ASSETCATALOG_COMPILER_APPICON_NAME = AppIcon;
				ASSETCATALOG_COMPILER_LAUNCHIMAGE_NAME = LaunchImage;
				GCC_PRECOMPILE_PREFIX_HEADER = YES;
				GCC_PREFIX_HEADER = "AFDemo2/AFDemo2-Prefix.pch";
				INFOPLIST_FILE = "AFDemo2/AFDemo2-Info.plist";
				PRODUCT_NAME = "$(TARGET_NAME)";
				WRAPPER_EXTENSION = app;
			};
			name = Release;
		};
		D0D731EC1803AF3500C23635 /* Debug */ = {
			isa = XCBuildConfiguration;
			buildSettings = {
				ARCHS = "$(ARCHS_STANDARD_INCLUDING_64_BIT)";
				BUNDLE_LOADER = "$(BUILT_PRODUCTS_DIR)/AFDemo2.app/AFDemo2";
				FRAMEWORK_SEARCH_PATHS = (
					"$(SDKROOT)/Developer/Library/Frameworks",
					"$(inherited)",
					"$(DEVELOPER_FRAMEWORKS_DIR)",
				);
				GCC_PRECOMPILE_PREFIX_HEADER = YES;
				GCC_PREFIX_HEADER = "AFDemo2/AFDemo2-Prefix.pch";
				GCC_PREPROCESSOR_DEFINITIONS = (
					"DEBUG=1",
					"$(inherited)",
				);
				INFOPLIST_FILE = "AFDemo2Tests/AFDemo2Tests-Info.plist";
				PRODUCT_NAME = "$(TARGET_NAME)";
				TEST_HOST = "$(BUNDLE_LOADER)";
				WRAPPER_EXTENSION = xctest;
			};
			name = Debug;
		};
		D0D731ED1803AF3500C23635 /* Release */ = {
			isa = XCBuildConfiguration;
			buildSettings = {
				ARCHS = "$(ARCHS_STANDARD_INCLUDING_64_BIT)";
				BUNDLE_LOADER = "$(BUILT_PRODUCTS_DIR)/AFDemo2.app/AFDemo2";
				FRAMEWORK_SEARCH_PATHS = (
					"$(SDKROOT)/Developer/Library/Frameworks",
					"$(inherited)",
					"$(DEVELOPER_FRAMEWORKS_DIR)",
				);
				GCC_PRECOMPILE_PREFIX_HEADER = YES;
				GCC_PREFIX_HEADER = "AFDemo2/AFDemo2-Prefix.pch";
				INFOPLIST_FILE = "AFDemo2Tests/AFDemo2Tests-Info.plist";
				PRODUCT_NAME = "$(TARGET_NAME)";
				TEST_HOST = "$(BUNDLE_LOADER)";
				WRAPPER_EXTENSION = xctest;
			};
			name = Release;
		};
/* End XCBuildConfiguration section */

/* Begin XCConfigurationList section */
		D0D731AE1803AF3500C23635 /* Build configuration list for PBXProject "AFDemo2" */ = {
			isa = XCConfigurationList;
			buildConfigurations = (
				D0D731E61803AF3500C23635 /* Debug */,
				D0D731E71803AF3500C23635 /* Release */,
			);
			defaultConfigurationIsVisible = 0;
			defaultConfigurationName = Release;
		};
		D0D731E81803AF3500C23635 /* Build configuration list for PBXNativeTarget "AFDemo2" */ = {
			isa = XCConfigurationList;
			buildConfigurations = (
				D0D731E91803AF3500C23635 /* Debug */,
				D0D731EA1803AF3500C23635 /* Release */,
			);
			defaultConfigurationIsVisible = 0;
		};
		D0D731EB1803AF3500C23635 /* Build configuration list for PBXNativeTarget "AFDemo2Tests" */ = {
			isa = XCConfigurationList;
			buildConfigurations = (
				D0D731EC1803AF3500C23635 /* Debug */,
				D0D731ED1803AF3500C23635 /* Release */,
			);
			defaultConfigurationIsVisible = 0;
		};
/* End XCConfigurationList section */
	};
	rootObject = D0D731AB1803AF3500C23635 /* Project object */;
}
